// !$*UTF8*$!
{
	archiveVersion = 1;
	classes = {
	};
	objectVersion = 77;
	objects = {

/* Begin PBXContainerItemProxy section */
		53E2D39D2D88CA4300FB6BEA /* PBXContainerItemProxy */ = {
			isa = PBXContainerItemProxy;
			containerPortal = 53E2D3842D88CA4100FB6BEA /* Project object */;
			proxyType = 1;
			remoteGlobalIDString = 53E2D38B2D88CA4100FB6BEA;
			remoteInfo = "Cursor Demo";
		};
		53E2D3A72D88CA4300FB6BEA /* PBXContainerItemProxy */ = {
			isa = PBXContainerItemProxy;
			containerPortal = 53E2D3842D88CA4100FB6BEA /* Project object */;
			proxyType = 1;
			remoteGlobalIDString = 53E2D38B2D88CA4100FB6BEA;
			remoteInfo = "Cursor Demo";
		};
/* End PBXContainerItemProxy section */

/* Begin PBXFileReference section */
		53E2D38C2D88CA4100FB6BEA /* Cursor Demo.app */ = {isa = PBXFileReference; explicitFileType = wrapper.application; includeInIndex = 0; path = "Cursor Demo.app"; sourceTree = BUILT_PRODUCTS_DIR; };
		53E2D39C2D88CA4300FB6BEA /* Cursor DemoTests.xctest */ = {isa = PBXFileReference; explicitFileType = wrapper.cfbundle; includeInIndex = 0; path = "Cursor DemoTests.xctest"; sourceTree = BUILT_PRODUCTS_DIR; };
		53E2D3A62D88CA4300FB6BEA /* Cursor DemoUITests.xctest */ = {isa = PBXFileReference; explicitFileType = wrapper.cfbundle; includeInIndex = 0; path = "Cursor DemoUITests.xctest"; sourceTree = BUILT_PRODUCTS_DIR; };
/* End PBXFileReference section */

/* Begin PBXFileSystemSynchronizedRootGroup section */
		53E2D38E2D88CA4100FB6BEA /* Cursor Demo */ = {
			isa = PBXFileSystemSynchronizedRootGroup;
			path = "Cursor Demo";
			sourceTree = "<group>";
		};
		53E2D39F2D88CA4300FB6BEA /* Cursor DemoTests */ = {
			isa = PBXFileSystemSynchronizedRootGroup;
			path = "Cursor DemoTests";
			sourceTree = "<group>";
		};
		53E2D3A92D88CA4300FB6BEA /* Cursor DemoUITests */ = {
			isa = PBXFileSystemSynchronizedRootGroup;
			path = "Cursor DemoUITests";
			sourceTree = "<group>";
		};
/* End PBXFileSystemSynchronizedRootGroup section */

/* Begin PBXFrameworksBuildPhase section */
		53E2D3892D88CA4100FB6BEA /* Frameworks */ = {
			isa = PBXFrameworksBuildPhase;
			buildActionMask = 2147483647;
			files = (
			);
			runOnlyForDeploymentPostprocessing = 0;
		};
		53E2D3992D88CA4300FB6BEA /* Frameworks */ = {
			isa = PBXFrameworksBuildPhase;
			buildActionMask = 2147483647;
			files = (
			);
			runOnlyForDeploymentPostprocessing = 0;
		};
		53E2D3A32D88CA4300FB6BEA /* Frameworks */ = {
			isa = PBXFrameworksBuildPhase;
			buildActionMask = 2147483647;
			files = (
			);
			runOnlyForDeploymentPostprocessing = 0;
		};
/* End PBXFrameworksBuildPhase section */

/* Begin PBXGroup section */
		53E2D3832D88CA4100FB6BEA = {
			isa = PBXGroup;
			children = (
				53E2D38E2D88CA4100FB6BEA /* Cursor Demo */,
				53E2D39F2D88CA4300FB6BEA /* Cursor DemoTests */,
				53E2D3A92D88CA4300FB6BEA /* Cursor DemoUITests */,
				53E2D38D2D88CA4100FB6BEA /* Products */,
			);
			sourceTree = "<group>";
		};
		53E2D38D2D88CA4100FB6BEA /* Products */ = {
			isa = PBXGroup;
			children = (
				53E2D38C2D88CA4100FB6BEA /* Cursor Demo.app */,
				53E2D39C2D88CA4300FB6BEA /* Cursor DemoTests.xctest */,
				53E2D3A62D88CA4300FB6BEA /* Cursor DemoUITests.xctest */,
			);
			name = Products;
			sourceTree = "<group>";
		};
/* End PBXGroup section */

/* Begin PBXNativeTarget section */
		53E2D38B2D88CA4100FB6BEA /* Cursor Demo */ = {
			isa = PBXNativeTarget;
			buildConfigurationList = 53E2D3B02D88CA4300FB6BEA /* Build configuration list for PBXNativeTarget "Cursor Demo" */;
			buildPhases = (
				53E2D3882D88CA4100FB6BEA /* Sources */,
				53E2D3892D88CA4100FB6BEA /* Frameworks */,
				53E2D38A2D88CA4100FB6BEA /* Resources */,
			);
			buildRules = (
			);
			dependencies = (
			);
			fileSystemSynchronizedGroups = (
				53E2D38E2D88CA4100FB6BEA /* Cursor Demo */,
			);
			name = "Cursor Demo";
			packageProductDependencies = (
			);
			productName = "Cursor Demo";
			productReference = 53E2D38C2D88CA4100FB6BEA /* Cursor Demo.app */;
			productType = "com.apple.product-type.application";
		};
		53E2D39B2D88CA4300FB6BEA /* Cursor DemoTests */ = {
			isa = PBXNativeTarget;
			buildConfigurationList = 53E2D3B32D88CA4300FB6BEA /* Build configuration list for PBXNativeTarget "Cursor DemoTests" */;
			buildPhases = (
				53E2D3982D88CA4300FB6BEA /* Sources */,
				53E2D3992D88CA4300FB6BEA /* Frameworks */,
				53E2D39A2D88CA4300FB6BEA /* Resources */,
			);
			buildRules = (
			);
			dependencies = (
				53E2D39E2D88CA4300FB6BEA /* PBXTargetDependency */,
			);
			fileSystemSynchronizedGroups = (
				53E2D39F2D88CA4300FB6BEA /* Cursor DemoTests */,
			);
			name = "Cursor DemoTests";
			packageProductDependencies = (
			);
			productName = "Cursor DemoTests";
			productReference = 53E2D39C2D88CA4300FB6BEA /* Cursor DemoTests.xctest */;
			productType = "com.apple.product-type.bundle.unit-test";
		};
		53E2D3A52D88CA4300FB6BEA /* Cursor DemoUITests */ = {
			isa = PBXNativeTarget;
			buildConfigurationList = 53E2D3B62D88CA4300FB6BEA /* Build configuration list for PBXNativeTarget "Cursor DemoUITests" */;
			buildPhases = (
				53E2D3A22D88CA4300FB6BEA /* Sources */,
				53E2D3A32D88CA4300FB6BEA /* Frameworks */,
				53E2D3A42D88CA4300FB6BEA /* Resources */,
			);
			buildRules = (
			);
			dependencies = (
				53E2D3A82D88CA4300FB6BEA /* PBXTargetDependency */,
			);
			fileSystemSynchronizedGroups = (
				53E2D3A92D88CA4300FB6BEA /* Cursor DemoUITests */,
			);
			name = "Cursor DemoUITests";
			packageProductDependencies = (
			);
			productName = "Cursor DemoUITests";
			productReference = 53E2D3A62D88CA4300FB6BEA /* Cursor DemoUITests.xctest */;
			productType = "com.apple.product-type.bundle.ui-testing";
		};
/* End PBXNativeTarget section */

/* Begin PBXProject section */
		53E2D3842D88CA4100FB6BEA /* Project object */ = {
			isa = PBXProject;
			attributes = {
				BuildIndependentTargetsInParallel = 1;
				LastSwiftUpdateCheck = 1620;
				LastUpgradeCheck = 1620;
				TargetAttributes = {
					53E2D38B2D88CA4100FB6BEA = {
						CreatedOnToolsVersion = 16.2;
					};
					53E2D39B2D88CA4300FB6BEA = {
						CreatedOnToolsVersion = 16.2;
						TestTargetID = 53E2D38B2D88CA4100FB6BEA;
					};
					53E2D3A52D88CA4300FB6BEA = {
						CreatedOnToolsVersion = 16.2;
						TestTargetID = 53E2D38B2D88CA4100FB6BEA;
					};
				};
			};
			buildConfigurationList = 53E2D3872D88CA4100FB6BEA /* Build configuration list for PBXProject "Cursor Demo" */;
			developmentRegion = en;
			hasScannedForEncodings = 0;
			knownRegions = (
				en,
				Base,
			);
			mainGroup = 53E2D3832D88CA4100FB6BEA;
			minimizedProjectReferenceProxies = 1;
			preferredProjectObjectVersion = 77;
			productRefGroup = 53E2D38D2D88CA4100FB6BEA /* Products */;
			projectDirPath = "";
			projectRoot = "";
			targets = (
				53E2D38B2D88CA4100FB6BEA /* Cursor Demo */,
				53E2D39B2D88CA4300FB6BEA /* Cursor DemoTests */,
				53E2D3A52D88CA4300FB6BEA /* Cursor DemoUITests */,
			);
		};
/* End PBXProject section */

/* Begin PBXResourcesBuildPhase section */
		53E2D38A2D88CA4100FB6BEA /* Resources */ = {
			isa = PBXResourcesBuildPhase;
			buildActionMask = 2147483647;
			files = (
			);
			runOnlyForDeploymentPostprocessing = 0;
		};
		53E2D39A2D88CA4300FB6BEA /* Resources */ = {
			isa = PBXResourcesBuildPhase;
			buildActionMask = 2147483647;
			files = (
			);
			runOnlyForDeploymentPostprocessing = 0;
		};
		53E2D3A42D88CA4300FB6BEA /* Resources */ = {
			isa = PBXResourcesBuildPhase;
			buildActionMask = 2147483647;
			files = (
			);
			runOnlyForDeploymentPostprocessing = 0;
		};
/* End PBXResourcesBuildPhase section */

/* Begin PBXSourcesBuildPhase section */
		53E2D3882D88CA4100FB6BEA /* Sources */ = {
			isa = PBXSourcesBuildPhase;
			buildActionMask = 2147483647;
			files = (
			);
			runOnlyForDeploymentPostprocessing = 0;
		};
		53E2D3982D88CA4300FB6BEA /* Sources */ = {
			isa = PBXSourcesBuildPhase;
			buildActionMask = 2147483647;
			files = (
			);
			runOnlyForDeploymentPostprocessing = 0;
		};
		53E2D3A22D88CA4300FB6BEA /* Sources */ = {
			isa = PBXSourcesBuildPhase;
			buildActionMask = 2147483647;
			files = (
			);
			runOnlyForDeploymentPostprocessing = 0;
		};
/* End PBXSourcesBuildPhase section */

/* Begin PBXTargetDependency section */
		53E2D39E2D88CA4300FB6BEA /* PBXTargetDependency */ = {
			isa = PBXTargetDependency;
			target = 53E2D38B2D88CA4100FB6BEA /* Cursor Demo */;
			targetProxy = 53E2D39D2D88CA4300FB6BEA /* PBXContainerItemProxy */;
		};
		53E2D3A82D88CA4300FB6BEA /* PBXTargetDependency */ = {
			isa = PBXTargetDependency;
			target = 53E2D38B2D88CA4100FB6BEA /* Cursor Demo */;
			targetProxy = 53E2D3A72D88CA4300FB6BEA /* PBXContainerItemProxy */;
		};
/* End PBXTargetDependency section */

/* Begin XCBuildConfiguration section */
		53E2D3AE2D88CA4300FB6BEA /* Debug */ = {
			isa = XCBuildConfiguration;
			buildSettings = {
				ALWAYS_SEARCH_USER_PATHS = NO;
				ASSETCATALOG_COMPILER_GENERATE_SWIFT_ASSET_SYMBOL_EXTENSIONS = YES;
				CLANG_ANALYZER_NONNULL = YES;
				CLANG_ANALYZER_NUMBER_OBJECT_CONVERSION = YES_AGGRESSIVE;
				CLANG_CXX_LANGUAGE_STANDARD = "gnu++20";
				CLANG_ENABLE_MODULES = YES;
				CLANG_ENABLE_OBJC_ARC = YES;
				CLANG_ENABLE_OBJC_WEAK = YES;
				CLANG_WARN_BLOCK_CAPTURE_AUTORELEASING = YES;
				CLANG_WARN_BOOL_CONVERSION = YES;
				CLANG_WARN_COMMA = YES;
				CLANG_WARN_CONSTANT_CONVERSION = YES;
				CLANG_WARN_DEPRECATED_OBJC_IMPLEMENTATIONS = YES;
				CLANG_WARN_DIRECT_OBJC_ISA_USAGE = YES_ERROR;
				CLANG_WARN_DOCUMENTATION_COMMENTS = YES;
				CLANG_WARN_EMPTY_BODY = YES;
				CLANG_WARN_ENUM_CONVERSION = YES;
				CLANG_WARN_INFINITE_RECURSION = YES;
				CLANG_WARN_INT_CONVERSION = YES;
				CLANG_WARN_NON_LITERAL_NULL_CONVERSION = YES;
				CLANG_WARN_OBJC_IMPLICIT_RETAIN_SELF = YES;
				CLANG_WARN_OBJC_LITERAL_CONVERSION = YES;
				CLANG_WARN_OBJC_ROOT_CLASS = YES_ERROR;
				CLANG_WARN_QUOTED_INCLUDE_IN_FRAMEWORK_HEADER = YES;
				CLANG_WARN_RANGE_LOOP_ANALYSIS = YES;
				CLANG_WARN_STRICT_PROTOTYPES = YES;
				CLANG_WARN_SUSPICIOUS_MOVE = YES;
				CLANG_WARN_UNGUARDED_AVAILABILITY = YES_AGGRESSIVE;
				CLANG_WARN_UNREACHABLE_CODE = YES;
				CLANG_WARN__DUPLICATE_METHOD_MATCH = YES;
				COPY_PHASE_STRIP = NO;
				DEBUG_INFORMATION_FORMAT = dwarf;
				ENABLE_STRICT_OBJC_MSGSEND = YES;
				ENABLE_TESTABILITY = YES;
				ENABLE_USER_SCRIPT_SANDBOXING = YES;
				GCC_C_LANGUAGE_STANDARD = gnu17;
				GCC_DYNAMIC_NO_PIC = NO;
				GCC_NO_COMMON_BLOCKS = YES;
				GCC_OPTIMIZATION_LEVEL = 0;
				GCC_PREPROCESSOR_DEFINITIONS = (
					"DEBUG=1",
					"$(inherited)",
				);
				GCC_WARN_64_TO_32_BIT_CONVERSION = YES;
				GCC_WARN_ABOUT_RETURN_TYPE = YES_ERROR;
				GCC_WARN_UNDECLARED_SELECTOR = YES;
				GCC_WARN_UNINITIALIZED_AUTOS = YES_AGGRESSIVE;
				GCC_WARN_UNUSED_FUNCTION = YES;
				GCC_WARN_UNUSED_VARIABLE = YES;
				IPHONEOS_DEPLOYMENT_TARGET = 18.2;
				LOCALIZATION_PREFERS_STRING_CATALOGS = YES;
				MTL_ENABLE_DEBUG_INFO = INCLUDE_SOURCE;
				MTL_FAST_MATH = YES;
				ONLY_ACTIVE_ARCH = YES;
				SDKROOT = iphoneos;
				SWIFT_ACTIVE_COMPILATION_CONDITIONS = "DEBUG $(inherited)";
				SWIFT_OPTIMIZATION_LEVEL = "-Onone";
			};
			name = Debug;
		};
		53E2D3AF2D88CA4300FB6BEA /* Release */ = {
			isa = XCBuildConfiguration;
			buildSettings = {
				ALWAYS_SEARCH_USER_PATHS = NO;
				ASSETCATALOG_COMPILER_GENERATE_SWIFT_ASSET_SYMBOL_EXTENSIONS = YES;
				CLANG_ANALYZER_NONNULL = YES;
				CLANG_ANALYZER_NUMBER_OBJECT_CONVERSION = YES_AGGRESSIVE;
				CLANG_CXX_LANGUAGE_STANDARD = "gnu++20";
				CLANG_ENABLE_MODULES = YES;
				CLANG_ENABLE_OBJC_ARC = YES;
				CLANG_ENABLE_OBJC_WEAK = YES;
				CLANG_WARN_BLOCK_CAPTURE_AUTORELEASING = YES;
				CLANG_WARN_BOOL_CONVERSION = YES;
				CLANG_WARN_COMMA = YES;
				CLANG_WARN_CONSTANT_CONVERSION = YES;
				CLANG_WARN_DEPRECATED_OBJC_IMPLEMENTATIONS = YES;
				CLANG_WARN_DIRECT_OBJC_ISA_USAGE = YES_ERROR;
				CLANG_WARN_DOCUMENTATION_COMMENTS = YES;
				CLANG_WARN_EMPTY_BODY = YES;
				CLANG_WARN_ENUM_CONVERSION = YES;
				CLANG_WARN_INFINITE_RECURSION = YES;
				CLANG_WARN_INT_CONVERSION = YES;
				CLANG_WARN_NON_LITERAL_NULL_CONVERSION = YES;
				CLANG_WARN_OBJC_IMPLICIT_RETAIN_SELF = YES;
				CLANG_WARN_OBJC_LITERAL_CONVERSION = YES;
				CLANG_WARN_OBJC_ROOT_CLASS = YES_ERROR;
				CLANG_WARN_QUOTED_INCLUDE_IN_FRAMEWORK_HEADER = YES;
				CLANG_WARN_RANGE_LOOP_ANALYSIS = YES;
				CLANG_WARN_STRICT_PROTOTYPES = YES;
				CLANG_WARN_SUSPICIOUS_MOVE = YES;
				CLANG_WARN_UNGUARDED_AVAILABILITY = YES_AGGRESSIVE;
				CLANG_WARN_UNREACHABLE_CODE = YES;
				CLANG_WARN__DUPLICATE_METHOD_MATCH = YES;
				COPY_PHASE_STRIP = NO;
				DEBUG_INFORMATION_FORMAT = "dwarf-with-dsym";
				ENABLE_NS_ASSERTIONS = NO;
				ENABLE_STRICT_OBJC_MSGSEND = YES;
				ENABLE_USER_SCRIPT_SANDBOXING = YES;
				GCC_C_LANGUAGE_STANDARD = gnu17;
				GCC_NO_COMMON_BLOCKS = YES;
				GCC_WARN_64_TO_32_BIT_CONVERSION = YES;
				GCC_WARN_ABOUT_RETURN_TYPE = YES_ERROR;
				GCC_WARN_UNDECLARED_SELECTOR = YES;
				GCC_WARN_UNINITIALIZED_AUTOS = YES_AGGRESSIVE;
				GCC_WARN_UNUSED_FUNCTION = YES;
				GCC_WARN_UNUSED_VARIABLE = YES;
				IPHONEOS_DEPLOYMENT_TARGET = 18.2;
				LOCALIZATION_PREFERS_STRING_CATALOGS = YES;
				MTL_ENABLE_DEBUG_INFO = NO;
				MTL_FAST_MATH = YES;
				SDKROOT = iphoneos;
				SWIFT_COMPILATION_MODE = wholemodule;
				VALIDATE_PRODUCT = YES;
			};
			name = Release;
		};
		53E2D3B12D88CA4300FB6BEA /* Debug */ = {
			isa = XCBuildConfiguration;
			buildSettings = {
				ASSETCATALOG_COMPILER_APPICON_NAME = AppIcon;
				ASSETCATALOG_COMPILER_GLOBAL_ACCENT_COLOR_NAME = AccentColor;
				CODE_SIGN_STYLE = Automatic;
				CURRENT_PROJECT_VERSION = 1;
				DEVELOPMENT_ASSET_PATHS = "\"Cursor Demo/Preview Content\"";
				ENABLE_PREVIEWS = YES;
				GENERATE_INFOPLIST_FILE = YES;
				INFOPLIST_KEY_UIApplicationSceneManifest_Generation = YES;
				INFOPLIST_KEY_UIApplicationSupportsIndirectInputEvents = YES;
				INFOPLIST_KEY_UILaunchScreen_Generation = YES;
				INFOPLIST_KEY_UISupportedInterfaceOrientations_iPad = "UIInterfaceOrientationPortrait UIInterfaceOrientationPortraitUpsideDown UIInterfaceOrientationLandscapeLeft UIInterfaceOrientationLandscapeRight";
				INFOPLIST_KEY_UISupportedInterfaceOrientations_iPhone = "UIInterfaceOrientationPortrait UIInterfaceOrientationLandscapeLeft UIInterfaceOrientationLandscapeRight";
				LD_RUNPATH_SEARCH_PATHS = (
					"$(inherited)",
					"@executable_path/Frameworks",
				);
				MARKETING_VERSION = 1.0;
				PRODUCT_BUNDLE_IDENTIFIER = "TAMU.Cursor-Demo";
				PRODUCT_NAME = "$(TARGET_NAME)";
				SWIFT_EMIT_LOC_STRINGS = YES;
				SWIFT_VERSION = 5.0;
				TARGETED_DEVICE_FAMILY = "1,2";
			};
			name = Debug;
		};
		53E2D3B22D88CA4300FB6BEA /* Release */ = {
			isa = XCBuildConfiguration;
			buildSettings = {
				ASSETCATALOG_COMPILER_APPICON_NAME = AppIcon;
				ASSETCATALOG_COMPILER_GLOBAL_ACCENT_COLOR_NAME = AccentColor;
				CODE_SIGN_STYLE = Automatic;
				CURRENT_PROJECT_VERSION = 1;
				DEVELOPMENT_ASSET_PATHS = "\"Cursor Demo/Preview Content\"";
				ENABLE_PREVIEWS = YES;
				GENERATE_INFOPLIST_FILE = YES;
				INFOPLIST_KEY_UIApplicationSceneManifest_Generation = YES;
				INFOPLIST_KEY_UIApplicationSupportsIndirectInputEvents = YES;
				INFOPLIST_KEY_UILaunchScreen_Generation = YES;
				INFOPLIST_KEY_UISupportedInterfaceOrientations_iPad = "UIInterfaceOrientationPortrait UIInterfaceOrientationPortraitUpsideDown UIInterfaceOrientationLandscapeLeft UIInterfaceOrientationLandscapeRight";
				INFOPLIST_KEY_UISupportedInterfaceOrientations_iPhone = "UIInterfaceOrientationPortrait UIInterfaceOrientationLandscapeLeft UIInterfaceOrientationLandscapeRight";
				LD_RUNPATH_SEARCH_PATHS = (
					"$(inherited)",
					"@executable_path/Frameworks",
				);
				MARKETING_VERSION = 1.0;
				PRODUCT_BUNDLE_IDENTIFIER = "TAMU.Cursor-Demo";
				PRODUCT_NAME = "$(TARGET_NAME)";
				SWIFT_EMIT_LOC_STRINGS = YES;
				SWIFT_VERSION = 5.0;
				TARGETED_DEVICE_FAMILY = "1,2";
			};
			name = Release;
		};
		53E2D3B42D88CA4300FB6BEA /* Debug */ = {
			isa = XCBuildConfiguration;
			buildSettings = {
				BUNDLE_LOADER = "$(TEST_HOST)";
				CODE_SIGN_STYLE = Automatic;
				CURRENT_PROJECT_VERSION = 1;
				GENERATE_INFOPLIST_FILE = YES;
				IPHONEOS_DEPLOYMENT_TARGET = 18.2;
				MARKETING_VERSION = 1.0;
				PRODUCT_BUNDLE_IDENTIFIER = "TAMU.Cursor-DemoTests";
				PRODUCT_NAME = "$(TARGET_NAME)";
				SWIFT_EMIT_LOC_STRINGS = NO;
				SWIFT_VERSION = 5.0;
				TARGETED_DEVICE_FAMILY = "1,2";
				TEST_HOST = "$(BUILT_PRODUCTS_DIR)/Cursor Demo.app/$(BUNDLE_EXECUTABLE_FOLDER_PATH)/Cursor Demo";
			};
			name = Debug;
		};
		53E2D3B52D88CA4300FB6BEA /* Release */ = {
			isa = XCBuildConfiguration;
			buildSettings = {
				BUNDLE_LOADER = "$(TEST_HOST)";
				CODE_SIGN_STYLE = Automatic;
				CURRENT_PROJECT_VERSION = 1;
				GENERATE_INFOPLIST_FILE = YES;
				IPHONEOS_DEPLOYMENT_TARGET = 18.2;
				MARKETING_VERSION = 1.0;
				PRODUCT_BUNDLE_IDENTIFIER = "TAMU.Cursor-DemoTests";
				PRODUCT_NAME = "$(TARGET_NAME)";
				SWIFT_EMIT_LOC_STRINGS = NO;
				SWIFT_VERSION = 5.0;
				TARGETED_DEVICE_FAMILY = "1,2";
				TEST_HOST = "$(BUILT_PRODUCTS_DIR)/Cursor Demo.app/$(BUNDLE_EXECUTABLE_FOLDER_PATH)/Cursor Demo";
			};
			name = Release;
		};
		53E2D3B72D88CA4300FB6BEA /* Debug */ = {
			isa = XCBuildConfiguration;
			buildSettings = {
				CODE_SIGN_STYLE = Automatic;
				CURRENT_PROJECT_VERSION = 1;
				GENERATE_INFOPLIST_FILE = YES;
				MARKETING_VERSION = 1.0;
				PRODUCT_BUNDLE_IDENTIFIER = "TAMU.Cursor-DemoUITests";
				PRODUCT_NAME = "$(TARGET_NAME)";
				SWIFT_EMIT_LOC_STRINGS = NO;
				SWIFT_VERSION = 5.0;
				TARGETED_DEVICE_FAMILY = "1,2";
				TEST_TARGET_NAME = "Cursor Demo";
			};
			name = Debug;
		};
		53E2D3B82D88CA4300FB6BEA /* Release */ = {
			isa = XCBuildConfiguration;
			buildSettings = {
				CODE_SIGN_STYLE = Automatic;
				CURRENT_PROJECT_VERSION = 1;
				GENERATE_INFOPLIST_FILE = YES;
				MARKETING_VERSION = 1.0;
				PRODUCT_BUNDLE_IDENTIFIER = "TAMU.Cursor-DemoUITests";
				PRODUCT_NAME = "$(TARGET_NAME)";
				SWIFT_EMIT_LOC_STRINGS = NO;
				SWIFT_VERSION = 5.0;
				TARGETED_DEVICE_FAMILY = "1,2";
				TEST_TARGET_NAME = "Cursor Demo";
			};
			name = Release;
		};
/* End XCBuildConfiguration section */

/* Begin XCConfigurationList section */
		53E2D3872D88CA4100FB6BEA /* Build configuration list for PBXProject "Cursor Demo" */ = {
			isa = XCConfigurationList;
			buildConfigurations = (
				53E2D3AE2D88CA4300FB6BEA /* Debug */,
				53E2D3AF2D88CA4300FB6BEA /* Release */,
			);
			defaultConfigurationIsVisible = 0;
			defaultConfigurationName = Release;
		};
		53E2D3B02D88CA4300FB6BEA /* Build configuration list for PBXNativeTarget "Cursor Demo" */ = {
			isa = XCConfigurationList;
			buildConfigurations = (
				53E2D3B12D88CA4300FB6BEA /* Debug */,
				53E2D3B22D88CA4300FB6BEA /* Release */,
			);
			defaultConfigurationIsVisible = 0;
			defaultConfigurationName = Release;
		};
		53E2D3B32D88CA4300FB6BEA /* Build configuration list for PBXNativeTarget "Cursor DemoTests" */ = {
			isa = XCConfigurationList;
			buildConfigurations = (
				53E2D3B42D88CA4300FB6BEA /* Debug */,
				53E2D3B52D88CA4300FB6BEA /* Release */,
			);
			defaultConfigurationIsVisible = 0;
			defaultConfigurationName = Release;
		};
		53E2D3B62D88CA4300FB6BEA /* Build configuration list for PBXNativeTarget "Cursor DemoUITests" */ = {
			isa = XCConfigurationList;
			buildConfigurations = (
				53E2D3B72D88CA4300FB6BEA /* Debug */,
				53E2D3B82D88CA4300FB6BEA /* Release */,
			);
			defaultConfigurationIsVisible = 0;
			defaultConfigurationName = Release;
		};
/* End XCConfigurationList section */
	};
	rootObject = 53E2D3842D88CA4100FB6BEA /* Project object */;
}
